github.com/golang-infrastructure/go-heap v0.0.2 h1:o3u5Wr8W/MO2PjtczBOEwb7HdUgK5zV12aAdp7T28IA=
github.com/golang-infrastructure/go-heap v0.0.2/go.mod h1:crBY8pM89fprjRYrEGalpJ7xEzhD+XtxiFAuF9JnCuM=
github.com/golang-infrastructure/go-queue v0.0.0-20221128180429-701892f44bcc h1:+i4Y16ygfCIRKnEfwSd7cfQ+KvSMx/ALePIf8wTFRuc=
github.com/golang-infrastructure/go-queue v0.0.0-20221128180429-701892f44bcc/go.mod h1:Ype8CrMpjePHOJq+wRoIN3hx10H/WQsZ5SNvHdiSsBQ=
github.com/golang-infrastructure/go-reflect-utils v0.0.0-20221130143747-965ef2eb09c3 h1:jJ7AdpNdLQudsx1hiXY9iwmauHARV4/UB52KnBh9Se0=
github.com/golang-infrastructure/go-reflect-utils v0.0.0-20221130143747-965ef2eb09c3/go.mod h1:zqXYxqOBa1mL2ilBK6PuH/Wb/Iego7en6XhiKWdZQHI=
github.com/golang-infrastructure/go-stack v0.0.2 h1:1F+F4/s2YlAW9NI8zc4jl90WrqLlXsWfCstBRpPvVl4=
github.com/golang-infrastructure/go-stack v0.0.2/go.mod h1:m7RdZjsmlvHogbsiovh1uxvxVhwzJdNsrYh1BxdcFrQ=
github.com/golang-infrastructure/go-trie v0.0.0-20221206034324-21262effbfae h1:VDQQONwUsh3ZM/t+zvBi7Lhg5GrxFEgLqSo3wC61l2I=
github.com/golang-infrastructure/go-trie v0.0.0-20221206034324-21262effbfae/go.mod h1:ilcrzsB1h8U6nQfSFq+7hO4FxWg1Pgh/miU2k0CUd/A=
github.com/golang-infrastructure/go-trie v0.0.0-20230204150536-cd6b1d3c79a6 h1:cimOa+fyjjkJBO14HO8KEfayubpYPrT9StmIOma8zBQ=
github.com/golang-infrastructure/go-trie v0.0.0-20230204150536-cd6b1d3c79a6/go.mod h1:HAbcA1nnzdd0vf8/fXk80eu5+NWwvgmk/J0Hdj5kr2A=
github.com/golang-infrastructure/go-trie v0.0.0-20230204150600-10750ecebaec h1:uXN0FFGQDbrsFXIEvAy2yjRswTM5rbt0rM/gxA1Ssbw=
github.com/golang-infrastructure/go-trie v0.0.0-20230204150600-10750ecebaec/go.mod h1:ilcrzsB1h8U6nQfSFq+7hO4FxWg1Pgh/miU2k0CUd/A=
github.com/golang-infrastructure/go-tuple v0.0.0-20221215155811-4ed54fe7d579 h1:pQV2/ichhyLoR3aJSNXByuxtdPM2y229Rq5x9DGl5OU=
github.com/golang-infrastructure/go-tuple v0.0.0-20221215155811-4ed54fe7d579/go.mod h1:cn8fHK0Sjxh7nSrnNpRa9wi1wIsmBLsjOip4LTjQz+Q=
github.com/golang-infrastructure/go-variable-parameter v0.0.3 h1:+roJv+T/krkl5YMZtCXzdgDSP0RDWK0W1V2lTkpeDNA=
github.com/golang-infrastructure/go-variable-parameter v0.0.3/go.mod h1:qEnCqgG04+EpGWqRXaNpKhu4JsP6xcT85WpJyS83Dcw=
